
Microsoft Visual Studio Solution File, Format Version 12.00
# Visual Studio Version 17
VisualStudioVersion = 17.0.31919.166
MinimumVisualStudioVersion = 10.0.40219.1
Project("{FAE04EC0-301F-11D3-BF4B-00C04F79EFBC}") = "Torus", "Torus\Torus.csproj", "{B525A9B9-059A-4707-A190-1F341A13D179}"
EndProject
Global
	GlobalSection(SolutionConfigurationPlatforms) = preSolution
		Debug|Any CPU = Debug|Any CPU
		Release|Any CPU = Release|Any CPU
	EndGlobalSection
	GlobalSection(ProjectConfigurationPlatforms) = postSolution
		{B525A9B9-059A-4707-A190-1F341A13D179}.Debug|Any CPU.ActiveCfg = Debug|Any CPU
		{B525A9B9-059A-4707-A190-1F341A13D179}.Debug|Any CPU.Build.0 = Debug|Any CPU
		{B525A9B9-059A-4707-A190-1F341A13D179}.Release|Any CPU.ActiveCfg = Release|Any CPU
		{B525A9B9-059A-4707-A190-1F341A13D179}.Release|Any CPU.Build.0 = Release|Any CPU
	EndGlobalSection
	GlobalSection(SolutionProperties) = preSolution
		HideSolutionNode = FALSE
	EndGlobalSection
	GlobalSection(ExtensibilityGlobals) = postSolution
		SolutionGuid = {B9A93BA9-1DF6-4E06-92CF-279B09A7FC7E}
	EndGlobalSection
EndGlobal
